
Microsoft Visual Studio Solution File, Format Version 12.00
# Visual Studio Version 16
VisualStudioVersion = 16.0.29411.108
MinimumVisualStudioVersion = 10.0.40219.1
Project("{8BC9CEB8-8B4A-11D0-8D11-00A0C91BC942}") = "animals", "animals\animals.vcxproj", "{65FB25B1-08CB-4C01-BA88-CF272CDFE95C}"
EndProject
Global
	GlobalSection(SolutionConfigurationPlatforms) = preSolution
		Debug|x64 = Debug|x64
		Debug|x86 = Debug|x86
		Release|x64 = Release|x64
		Release|x86 = Release|x86
	EndGlobalSection
	GlobalSection(ProjectConfigurationPlatforms) = postSolution
		{65FB25B1-08CB-4C01-BA88-CF272CDFE95C}.Debug|x64.ActiveCfg = Debug|x64
		{65FB25B1-08CB-4C01-BA88-CF272CDFE95C}.Debug|x64.Build.0 = Debug|x64
		{65FB25B1-08CB-4C01-BA88-CF272CDFE95C}.Debug|x86.ActiveCfg = Debug|Win32
		{65FB25B1-08CB-4C01-BA88-CF272CDFE95C}.Debug|x86.Build.0 = Debug|Win32
		{65FB25B1-08CB-4C01-BA88-CF272CDFE95C}.Release|x64.ActiveCfg = Release|x64
		{65FB25B1-08CB-4C01-BA88-CF272CDFE95C}.Release|x64.Build.0 = Release|x64
		{65FB25B1-08CB-4C01-BA88-CF272CDFE95C}.Release|x86.ActiveCfg = Release|Win32
		{65FB25B1-08CB-4C01-BA88-CF272CDFE95C}.Release|x86.Build.0 = Release|Win32
	EndGlobalSection
	GlobalSection(SolutionProperties) = preSolution
		HideSolutionNode = FALSE
	EndGlobalSection
	GlobalSection(ExtensibilityGlobals) = postSolution
		SolutionGuid = {41F13AA0-52D5-43DC-B821-6A4CB713DF5B}
	EndGlobalSection
EndGlobal
